// !$*UTF8*$!
{
	archiveVersion = 1;
	classes = {
	};
	objectVersion = 56;
	objects = {

/* Begin PBXBuildFile section */
		1FE158D2A13AFCCE03C6702A /* PrivacyInfo.xcprivacy in Resources */ = {isa = PBXBuildFile; fileRef = 62BCC80227D60C6AA042A95F /* PrivacyInfo.xcprivacy */; };
		A10000000000000000000001 /* AppDelegate.mm in Sources */ = {isa = PBXBuildFile; fileRef = A20000000000000000000001 /* AppDelegate.mm */; };
		A10000000000000000000002 /* main.m in Sources */ = {isa = PBXBuildFile; fileRef = A20000000000000000000002 /* main.m */; };
		A10000000000000000000003 /* HaksanCalendar.swift in Sources */ = {isa = PBXBuildFile; fileRef = A20000000000000000000003 /* HaksanCalendar.swift */; };
		A10000000000000000000004 /* HaksanCalendarBridge.m in Sources */ = {isa = PBXBuildFile; fileRef = A20000000000000000000004 /* HaksanCalendarBridge.m */; };
		AEFC04C2A282B125C05289CB /* libPods-HaksanMobile.a in Frameworks */ = {isa = PBXBuildFile; fileRef = 7E5E228A8F63B6078689830D /* libPods-HaksanMobile.a */; };
/* End PBXBuildFile section */

/* Begin PBXFileReference section */
		33F410D4D2B66E684C7D24D0 /* Pods-HaksanMobile.release.xcconfig */ = {isa = PBXFileReference; includeInIndex = 1; lastKnownFileType = text.xcconfig; name = "Pods-HaksanMobile.release.xcconfig"; path = "Target Support Files/Pods-HaksanMobile/Pods-HaksanMobile.release.xcconfig"; sourceTree = "<group>"; };
		62BCC80227D60C6AA042A95F /* PrivacyInfo.xcprivacy */ = {isa = PBXFileReference; includeInIndex = 1; path = PrivacyInfo.xcprivacy; sourceTree = "<group>"; };
		7E5E228A8F63B6078689830D /* libPods-HaksanMobile.a */ = {isa = PBXFileReference; explicitFileType = archive.ar; includeInIndex = 0; path = "libPods-HaksanMobile.a"; sourceTree = BUILT_PRODUCTS_DIR; };
		A20000000000000000000000 /* HaksanMobile.app */ = {isa = PBXFileReference; explicitFileType = wrapper.application; includeInIndex = 0; path = HaksanMobile.app; sourceTree = BUILT_PRODUCTS_DIR; };
		A20000000000000000000001 /* AppDelegate.mm */ = {isa = PBXFileReference; lastKnownFileType = sourcecode.cpp.objcpp; path = AppDelegate.mm; sourceTree = "<group>"; };
		A20000000000000000000002 /* main.m */ = {isa = PBXFileReference; lastKnownFileType = sourcecode.c.objc; path = main.m; sourceTree = "<group>"; };
		A20000000000000000000003 /* HaksanCalendar.swift */ = {isa = PBXFileReference; lastKnownFileType = sourcecode.swift; path = HaksanCalendar.swift; sourceTree = "<group>"; };
		A20000000000000000000004 /* HaksanCalendarBridge.m */ = {isa = PBXFileReference; lastKnownFileType = sourcecode.c.objc; path = HaksanCalendarBridge.m; sourceTree = "<group>"; };
		A20000000000000000000005 /* AppDelegate.h */ = {isa = PBXFileReference; lastKnownFileType = sourcecode.c.h; path = AppDelegate.h; sourceTree = "<group>"; };
		A20000000000000000000006 /* Info.plist */ = {isa = PBXFileReference; lastKnownFileType = text.plist.xml; path = Info.plist; sourceTree = "<group>"; };
		F59D9CA2DBA9A1FC708BF316 /* Pods-HaksanMobile.debug.xcconfig */ = {isa = PBXFileReference; includeInIndex = 1; lastKnownFileType = text.xcconfig; name = "Pods-HaksanMobile.debug.xcconfig"; path = "Target Support Files/Pods-HaksanMobile/Pods-HaksanMobile.debug.xcconfig"; sourceTree = "<group>"; };
/* End PBXFileReference section */

/* Begin PBXFrameworksBuildPhase section */
		A30000000000000000000001 /* Frameworks */ = {
			isa = PBXFrameworksBuildPhase;
			buildActionMask = 2147483647;
			files = (
				AEFC04C2A282B125C05289CB /* libPods-HaksanMobile.a in Frameworks */,
			);
			runOnlyForDeploymentPostprocessing = 0;
		};
/* End PBXFrameworksBuildPhase section */

/* Begin PBXGroup section */
		51C0BC6233F152EABF23AA00 /* Pods */ = {
			isa = PBXGroup;
			children = (
				F59D9CA2DBA9A1FC708BF316 /* Pods-HaksanMobile.debug.xcconfig */,
				33F410D4D2B66E684C7D24D0 /* Pods-HaksanMobile.release.xcconfig */,
			);
			name = Pods;
			path = Pods;
			sourceTree = "<group>";
		};
		A40000000000000000000000 = {
			isa = PBXGroup;
			children = (
				A40000000000000000000001 /* HaksanMobile */,
				A40000000000000000000002 /* Products */,
				51C0BC6233F152EABF23AA00 /* Pods */,
				E8216BB516021DB772794B50 /* Frameworks */,
			);
			sourceTree = "<group>";
		};
		A40000000000000000000001 /* HaksanMobile */ = {
			isa = PBXGroup;
			children = (
				A20000000000000000000005 /* AppDelegate.h */,
				A20000000000000000000001 /* AppDelegate.mm */,
				A20000000000000000000002 /* main.m */,
				A20000000000000000000003 /* HaksanCalendar.swift */,
				A20000000000000000000004 /* HaksanCalendarBridge.m */,
				A20000000000000000000006 /* Info.plist */,
				62BCC80227D60C6AA042A95F /* PrivacyInfo.xcprivacy */,
			);
			path = HaksanMobile;
			sourceTree = "<group>";
		};
		A40000000000000000000002 /* Products */ = {
			isa = PBXGroup;
			children = (
				A20000000000000000000000 /* HaksanMobile.app */,
			);
			name = Products;
			sourceTree = "<group>";
		};
		E8216BB516021DB772794B50 /* Frameworks */ = {
			isa = PBXGroup;
			children = (
				7E5E228A8F63B6078689830D /* libPods-HaksanMobile.a */,
			);
			name = Frameworks;
			sourceTree = "<group>";
		};
/* End PBXGroup section */

/* Begin PBXNativeTarget section */
		A50000000000000000000001 /* HaksanMobile */ = {
			isa = PBXNativeTarget;
			buildConfigurationList = A90000000000000000000001 /* Build configuration list for PBXNativeTarget "HaksanMobile" */;
			buildPhases = (
				68CF8A8661596EC040CC5365 /* [CP] Check Pods Manifest.lock */,
				A70000000000000000000001 /* Sources */,
				A30000000000000000000001 /* Frameworks */,
				A70000000000000000000002 /* Resources */,
				91688921E9B26049F014EACC /* [CP] Embed Pods Frameworks */,
				DD53343B97AD8EDE62FAA7D0 /* [CP] Copy Pods Resources */,
			);
			buildRules = (
			);
			dependencies = (
			);
			name = HaksanMobile;
			productName = HaksanMobile;
			productReference = A20000000000000000000000 /* HaksanMobile.app */;
			productType = "com.apple.product-type.application";
		};
/* End PBXNativeTarget section */

/* Begin PBXProject section */
		A60000000000000000000001 /* Project object */ = {
			isa = PBXProject;
			attributes = {
				BuildIndependentTargetsInParallel = YES;
				LastSwiftUpdateCheck = 2650;
				LastUpgradeCheck = 2650;
				TargetAttributes = {
					A50000000000000000000001 = {
						CreatedOnToolsVersion = 26.5;
					};
				};
			};
			buildConfigurationList = A90000000000000000000000 /* Build configuration list for PBXProject "HaksanMobile" */;
			compatibilityVersion = "Xcode 14.0";
			developmentRegion = tr;
			hasScannedForEncodings = 0;
			knownRegions = (
				tr,
				en,
				Base,
			);
			mainGroup = A40000000000000000000000;
			productRefGroup = A40000000000000000000002 /* Products */;
			projectDirPath = "";
			projectRoot = "";
			targets = (
				A50000000000000000000001 /* HaksanMobile */,
			);
		};
/* End PBXProject section */

/* Begin PBXResourcesBuildPhase section */
		A70000000000000000000002 /* Resources */ = {
			isa = PBXResourcesBuildPhase;
			buildActionMask = 2147483647;
			files = (
				1FE158D2A13AFCCE03C6702A /* PrivacyInfo.xcprivacy in Resources */,
			);
			runOnlyForDeploymentPostprocessing = 0;
		};
/* End PBXResourcesBuildPhase section */

/* Begin PBXShellScriptBuildPhase section */
		68CF8A8661596EC040CC5365 /* [CP] Check Pods Manifest.lock */ = {
			isa = PBXShellScriptBuildPhase;
			buildActionMask = 2147483647;
			files = (
			);
			inputFileListPaths = (
			);
			inputPaths = (
				"${PODS_PODFILE_DIR_PATH}/Podfile.lock",
				"${PODS_ROOT}/Manifest.lock",
			);
			name = "[CP] Check Pods Manifest.lock";
			outputFileListPaths = (
			);
			outputPaths = (
				"$(DERIVED_FILE_DIR)/Pods-HaksanMobile-checkManifestLockResult.txt",
			);
			runOnlyForDeploymentPostprocessing = 0;
			shellPath = /bin/sh;
			shellScript = "diff \"${PODS_PODFILE_DIR_PATH}/Podfile.lock\" \"${PODS_ROOT}/Manifest.lock\" > /dev/null\nif [ $? != 0 ] ; then\n    # print error to STDERR\n    echo \"error: The sandbox is not in sync with the Podfile.lock. Run 'pod install' or update your CocoaPods installation.\" >&2\n    exit 1\nfi\n# This output is used by Xcode 'outputs' to avoid re-running this script phase.\necho \"SUCCESS\" > \"${SCRIPT_OUTPUT_FILE_0}\"\n";
			showEnvVarsInLog = 0;
		};
		91688921E9B26049F014EACC /* [CP] Embed Pods Frameworks */ = {
			isa = PBXShellScriptBuildPhase;
			buildActionMask = 2147483647;
			files = (
			);
			inputFileListPaths = (
				"${PODS_ROOT}/Target Support Files/Pods-HaksanMobile/Pods-HaksanMobile-frameworks-${CONFIGURATION}-input-files.xcfilelist",
			);
			name = "[CP] Embed Pods Frameworks";
			outputFileListPaths = (
				"${PODS_ROOT}/Target Support Files/Pods-HaksanMobile/Pods-HaksanMobile-frameworks-${CONFIGURATION}-output-files.xcfilelist",
			);
			runOnlyForDeploymentPostprocessing = 0;
			shellPath = /bin/sh;
			shellScript = "\"${PODS_ROOT}/Target Support Files/Pods-HaksanMobile/Pods-HaksanMobile-frameworks.sh\"\n";
			showEnvVarsInLog = 0;
		};
		DD53343B97AD8EDE62FAA7D0 /* [CP] Copy Pods Resources */ = {
			isa = PBXShellScriptBuildPhase;
			buildActionMask = 2147483647;
			files = (
			);
			inputFileListPaths = (
				"${PODS_ROOT}/Target Support Files/Pods-HaksanMobile/Pods-HaksanMobile-resources-${CONFIGURATION}-input-files.xcfilelist",
			);
			name = "[CP] Copy Pods Resources";
			outputFileListPaths = (
				"${PODS_ROOT}/Target Support Files/Pods-HaksanMobile/Pods-HaksanMobile-resources-${CONFIGURATION}-output-files.xcfilelist",
			);
			runOnlyForDeploymentPostprocessing = 0;
			shellPath = /bin/sh;
			shellScript = "\"${PODS_ROOT}/Target Support Files/Pods-HaksanMobile/Pods-HaksanMobile-resources.sh\"\n";
			showEnvVarsInLog = 0;
		};
/* End PBXShellScriptBuildPhase section */

/* Begin PBXSourcesBuildPhase section */
		A70000000000000000000001 /* Sources */ = {
			isa = PBXSourcesBuildPhase;
			buildActionMask = 2147483647;
			files = (
				A10000000000000000000002 /* main.m in Sources */,
				A10000000000000000000001 /* AppDelegate.mm in Sources */,
				A10000000000000000000003 /* HaksanCalendar.swift in Sources */,
				A10000000000000000000004 /* HaksanCalendarBridge.m in Sources */,
			);
			runOnlyForDeploymentPostprocessing = 0;
		};
/* End PBXSourcesBuildPhase section */

/* Begin XCBuildConfiguration section */
		A80000000000000000000001 /* Debug */ = {
			isa = XCBuildConfiguration;
			buildSettings = {
				ALWAYS_SEARCH_USER_PATHS = NO;
				CLANG_CXX_LANGUAGE_STANDARD = "c++20";
				CLANG_ENABLE_MODULES = YES;
				CLANG_ENABLE_OBJC_ARC = YES;
				ENABLE_TESTABILITY = YES;
				GCC_C_LANGUAGE_STANDARD = gnu17;
				IPHONEOS_DEPLOYMENT_TARGET = 15.1;
				OTHER_LDFLAGS = (
					"$(inherited)",
					" ",
				);
				REACT_NATIVE_PATH = "${PODS_ROOT}/../../../../node_modules/react-native";
				SDKROOT = iphoneos;
				SWIFT_ACTIVE_COMPILATION_CONDITIONS = "$(inherited) DEBUG";
				SWIFT_VERSION = 5.0;
				USE_HERMES = true;
			};
			name = Debug;
		};
		A80000000000000000000002 /* Release */ = {
			isa = XCBuildConfiguration;
			buildSettings = {
				ALWAYS_SEARCH_USER_PATHS = NO;
				CLANG_CXX_LANGUAGE_STANDARD = "c++20";
				CLANG_ENABLE_MODULES = YES;
				CLANG_ENABLE_OBJC_ARC = YES;
				GCC_C_LANGUAGE_STANDARD = gnu17;
				IPHONEOS_DEPLOYMENT_TARGET = 15.1;
				OTHER_LDFLAGS = (
					"$(inherited)",
					" ",
				);
				REACT_NATIVE_PATH = "${PODS_ROOT}/../../../../node_modules/react-native";
				SDKROOT = iphoneos;
				SWIFT_COMPILATION_MODE = wholemodule;
				SWIFT_VERSION = 5.0;
				USE_HERMES = true;
				VALIDATE_PRODUCT = YES;
			};
			name = Release;
		};
		A80000000000000000000003 /* Debug */ = {
			isa = XCBuildConfiguration;
			baseConfigurationReference = F59D9CA2DBA9A1FC708BF316 /* Pods-HaksanMobile.debug.xcconfig */;
			buildSettings = {
				CODE_SIGN_STYLE = Automatic;
				CURRENT_PROJECT_VERSION = 1;
				GENERATE_INFOPLIST_FILE = NO;
				INFOPLIST_FILE = HaksanMobile/Info.plist;
				LD_RUNPATH_SEARCH_PATHS = (
					"$(inherited)",
					"@executable_path/Frameworks",
				);
				MARKETING_VERSION = 0.1.0;
				PRODUCT_BUNDLE_IDENTIFIER = com.haksan.mobile;
				PRODUCT_NAME = "$(TARGET_NAME)";
				SWIFT_OBJC_INTERFACE_HEADER_NAME = "HaksanMobile-Swift.h";
				TARGETED_DEVICE_FAMILY = "1,2";
			};
			name = Debug;
		};
		A80000000000000000000004 /* Release */ = {
			isa = XCBuildConfiguration;
			baseConfigurationReference = 33F410D4D2B66E684C7D24D0 /* Pods-HaksanMobile.release.xcconfig */;
			buildSettings = {
				CODE_SIGN_STYLE = Automatic;
				CURRENT_PROJECT_VERSION = 1;
				GENERATE_INFOPLIST_FILE = NO;
				INFOPLIST_FILE = HaksanMobile/Info.plist;
				LD_RUNPATH_SEARCH_PATHS = (
					"$(inherited)",
					"@executable_path/Frameworks",
				);
				MARKETING_VERSION = 0.1.0;
				PRODUCT_BUNDLE_IDENTIFIER = com.haksan.mobile;
				PRODUCT_NAME = "$(TARGET_NAME)";
				SWIFT_OBJC_INTERFACE_HEADER_NAME = "HaksanMobile-Swift.h";
				TARGETED_DEVICE_FAMILY = "1,2";
			};
			name = Release;
		};
/* End XCBuildConfiguration section */

/* Begin XCConfigurationList section */
		A90000000000000000000000 /* Build configuration list for PBXProject "HaksanMobile" */ = {
			isa = XCConfigurationList;
			buildConfigurations = (
				A80000000000000000000001 /* Debug */,
				A80000000000000000000002 /* Release */,
			);
			defaultConfigurationIsVisible = 0;
			defaultConfigurationName = Release;
		};
		A90000000000000000000001 /* Build configuration list for PBXNativeTarget "HaksanMobile" */ = {
			isa = XCConfigurationList;
			buildConfigurations = (
				A80000000000000000000003 /* Debug */,
				A80000000000000000000004 /* Release */,
			);
			defaultConfigurationIsVisible = 0;
			defaultConfigurationName = Release;
		};
/* End XCConfigurationList section */
	};
	rootObject = A60000000000000000000001 /* Project object */;
}
